
Microsoft Visual Studio Solution File, Format Version 12.00
# Visual Studio Version 16
VisualStudioVersion = 16.0.31729.503
MinimumVisualStudioVersion = 10.0.40219.1
Project("{FAE04EC0-301F-11D3-BF4B-00C04F79EFBC}") = "HomeWork-5", "HomeWork-5.csproj", "{1C2E65C0-C51B-4F5B-A141-7E84A82BCB22}"
EndProject
Global
	GlobalSection(SolutionConfigurationPlatforms) = preSolution
		Debug|Any CPU = Debug|Any CPU
		Release|Any CPU = Release|Any CPU
	EndGlobalSection
	GlobalSection(ProjectConfigurationPlatforms) = postSolution
		{1C2E65C0-C51B-4F5B-A141-7E84A82BCB22}.Debug|Any CPU.ActiveCfg = Debug|Any CPU
		{1C2E65C0-C51B-4F5B-A141-7E84A82BCB22}.Debug|Any CPU.Build.0 = Debug|Any CPU
		{1C2E65C0-C51B-4F5B-A141-7E84A82BCB22}.Release|Any CPU.ActiveCfg = Release|Any CPU
		{1C2E65C0-C51B-4F5B-A141-7E84A82BCB22}.Release|Any CPU.Build.0 = Release|Any CPU
	EndGlobalSection
	GlobalSection(SolutionProperties) = preSolution
		HideSolutionNode = FALSE
	EndGlobalSection
	GlobalSection(ExtensibilityGlobals) = postSolution
		SolutionGuid = {BE5CDD92-FB99-4291-A36B-1E48D6CDDF99}
	EndGlobalSection
EndGlobal
